
Microsoft Visual Studio Solution File, Format Version 12.00
# Visual Studio Version 17
VisualStudioVersion = 17.11.35312.102
MinimumVisualStudioVersion = 10.0.40219.1
Project("{FAE04EC0-301F-11D3-BF4B-00C04F79EFBC}") = "HMW2", "HMW2.csproj", "{FF21833E-61C6-4911-9028-8A5243D9461C}"
EndProject
Global
	GlobalSection(SolutionConfigurationPlatforms) = preSolution
		Debug|Any CPU = Debug|Any CPU
		Release|Any CPU = Release|Any CPU
	EndGlobalSection
	GlobalSection(ProjectConfigurationPlatforms) = postSolution
		{FF21833E-61C6-4911-9028-8A5243D9461C}.Debug|Any CPU.ActiveCfg = Debug|Any CPU
		{FF21833E-61C6-4911-9028-8A5243D9461C}.Debug|Any CPU.Build.0 = Debug|Any CPU
		{FF21833E-61C6-4911-9028-8A5243D9461C}.Release|Any CPU.ActiveCfg = Release|Any CPU
		{FF21833E-61C6-4911-9028-8A5243D9461C}.Release|Any CPU.Build.0 = Release|Any CPU
	EndGlobalSection
	GlobalSection(SolutionProperties) = preSolution
		HideSolutionNode = FALSE
	EndGlobalSection
	GlobalSection(ExtensibilityGlobals) = postSolution
		SolutionGuid = {679C6B02-45C4-4254-BF4B-BCA5257FD02B}
	EndGlobalSection
EndGlobal
